Microsoft Visual Studio Solution File, Format Version 12.00
# Visual Studio 2012
Project("{FAE04EC0-301F-11D3-BF4B-00C04F79EFBC}") = "Quadrecep", "Quadrecep.csproj", "{E16B5B15-3AA5-4D4A-A295-6BBE2D8C64FE}"
EndProject
Project("{FAE04EC0-301F-11D3-BF4B-00C04F79EFBC}") = "Qua2Qbm", "Qua2Qbm\Qua2Qbm.csproj", "{F75BBB40-75BD-4951-9671-575FC8EB67B7}"
EndProject
Project("{FAE04EC0-301F-11D3-BF4B-00C04F79EFBC}") = "Quaver.API", "Qua2Qbm\Quaver.API\Quaver.API\Quaver.API.csproj", "{EE5C70CA-D2BA-40CA-B352-307802650D73}"
EndProject
Project("{FAE04EC0-301F-11D3-BF4B-00C04F79EFBC}") = "UnitTests", "UnitTests\UnitTests.csproj", "{EC4BE060-B733-49CE-9248-B4B457310658}"
EndProject
Global
	GlobalSection(SolutionConfigurationPlatforms) = preSolution
	Debug|Any CPU = Debug|Any CPU
	ExportDebug|Any CPU = ExportDebug|Any CPU
	ExportRelease|Any CPU = ExportRelease|Any CPU
	EndGlobalSection
	GlobalSection(ProjectConfigurationPlatforms) = postSolution
		{E16B5B15-3AA5-4D4A-A295-6BBE2D8C64FE}.Debug|Any CPU.ActiveCfg = Debug|Any CPU
		{E16B5B15-3AA5-4D4A-A295-6BBE2D8C64FE}.Debug|Any CPU.Build.0 = Debug|Any CPU
		{E16B5B15-3AA5-4D4A-A295-6BBE2D8C64FE}.ExportDebug|Any CPU.ActiveCfg = ExportDebug|Any CPU
		{E16B5B15-3AA5-4D4A-A295-6BBE2D8C64FE}.ExportDebug|Any CPU.Build.0 = ExportDebug|Any CPU
		{E16B5B15-3AA5-4D4A-A295-6BBE2D8C64FE}.ExportRelease|Any CPU.ActiveCfg = ExportRelease|Any CPU
		{E16B5B15-3AA5-4D4A-A295-6BBE2D8C64FE}.ExportRelease|Any CPU.Build.0 = ExportRelease|Any CPU
		{F75BBB40-75BD-4951-9671-575FC8EB67B7}.Debug|Any CPU.ActiveCfg = Debug|Any CPU
		{F75BBB40-75BD-4951-9671-575FC8EB67B7}.Debug|Any CPU.Build.0 = Debug|Any CPU
		{F75BBB40-75BD-4951-9671-575FC8EB67B7}.ExportDebug|Any CPU.ActiveCfg = Debug|Any CPU
		{F75BBB40-75BD-4951-9671-575FC8EB67B7}.ExportDebug|Any CPU.Build.0 = Debug|Any CPU
		{F75BBB40-75BD-4951-9671-575FC8EB67B7}.ExportRelease|Any CPU.ActiveCfg = Debug|Any CPU
		{F75BBB40-75BD-4951-9671-575FC8EB67B7}.ExportRelease|Any CPU.Build.0 = Debug|Any CPU
		{EE5C70CA-D2BA-40CA-B352-307802650D73}.Debug|Any CPU.ActiveCfg = Debug|Any CPU
		{EE5C70CA-D2BA-40CA-B352-307802650D73}.Debug|Any CPU.Build.0 = Debug|Any CPU
		{EE5C70CA-D2BA-40CA-B352-307802650D73}.ExportDebug|Any CPU.ActiveCfg = Debug|Any CPU
		{EE5C70CA-D2BA-40CA-B352-307802650D73}.ExportDebug|Any CPU.Build.0 = Debug|Any CPU
		{EE5C70CA-D2BA-40CA-B352-307802650D73}.ExportRelease|Any CPU.ActiveCfg = Debug|Any CPU
		{EE5C70CA-D2BA-40CA-B352-307802650D73}.ExportRelease|Any CPU.Build.0 = Debug|Any CPU
		{EC4BE060-B733-49CE-9248-B4B457310658}.Debug|Any CPU.ActiveCfg = Debug|Any CPU
		{EC4BE060-B733-49CE-9248-B4B457310658}.Debug|Any CPU.Build.0 = Debug|Any CPU
		{EC4BE060-B733-49CE-9248-B4B457310658}.ExportDebug|Any CPU.ActiveCfg = Debug|Any CPU
		{EC4BE060-B733-49CE-9248-B4B457310658}.ExportDebug|Any CPU.Build.0 = Debug|Any CPU
		{EC4BE060-B733-49CE-9248-B4B457310658}.ExportRelease|Any CPU.ActiveCfg = Debug|Any CPU
		{EC4BE060-B733-49CE-9248-B4B457310658}.ExportRelease|Any CPU.Build.0 = Debug|Any CPU
	EndGlobalSection
EndGlobal
